<?xml version="1.0" encoding="utf-8"?>
<Project ToolsVersion="4.0" xmlns="http://schemas.microsoft.com/developer/msbuild/2003">
  <ItemGroup>
    <Filter Include="lib">
      <UniqueIdentifier>{e3790de4-cc13-4b33-adce-e8a2e6bde521}</UniqueIdentifier>
    </Filter>
    <Filter Include="mtf">
      <UniqueIdentifier>{1d505b0b-1ca1-47ce-b4d7-ad6e9bc387f3}</UniqueIdentifier>
    </Filter>
    <Filter Include="lib\inc">
      <UniqueIdentifier>{48a63d68-8ca8-4fe7-a725-11dcfc36c4f1}</UniqueIdentifier>
    </Filter>
    <Filter Include="lib\src">
      <UniqueIdentifier>{f9e5b038-8e1e-42e6-afd6-8899528b44eb}</UniqueIdentifier>
    </Filter>
    <Filter Include="lib\api">
      <UniqueIdentifier>{d7d2299d-44c9-4f28-8ddb-777a4cb1031c}</UniqueIdentifier>
    </Filter>
    <Filter Include="demo">
      <UniqueIdentifier>{f4479219-4f6a-4115-99b0-a9c07008cee4}</UniqueIdentifier>
    </Filter>
    <Filter Include="lib\src\musicplc">
      <UniqueIdentifier>{a28e012f-730a-4552-968a-21a13f650f21}</UniqueIdentifier>
    </Filter>
    <Filter Include="lib\gaapi">
      <UniqueIdentifier>{00d3c80e-b78a-453c-9b66-b04fea4f64d0}</UniqueIdentifier>
    </Filter>
    <Filter Include="lib\lpcplc\c">
      <UniqueIdentifier>{9e1b877f-6b82-41a4-8e8c-0f35cd521565}</UniqueIdentifier>
    </Filter>
  </ItemGroup>
  <ItemGroup>
    <ClCompile Include="PlcTest.cpp" />
    <ClCompile Include="..\_third_part\MTF\interface\plc\MTF.MusicPlc.cpp">
      <Filter>mtf</Filter>
    </ClCompile>
    <ClCompile Include="..\_third_part\algorithm\audio\process\plc\api\plc_api.cpp">
      <Filter>lib\api</Filter>
    </ClCompile>
    <ClCompile Include="..\_third_part\algorithm\audio\process\plc\src\musicplc\music_plc.cpp">
      <Filter>lib\src\musicplc</Filter>
    </ClCompile>
    <ClCompile Include="..\_third_part\algorithm\audio\process\plc\gaapi\gaapi_memory.cpp">
      <Filter>lib\gaapi</Filter>
    </ClCompile>
    <ClCompile Include="..\_third_part\algorithm\audio\process\plc\gaapi\gaapi_os.cpp">
      <Filter>lib\gaapi</Filter>
    </ClCompile>
    <ClCompile Include="..\_third_part\algorithm\audio\process\plc\gaapi\gaapi_static.cpp">
      <Filter>lib\gaapi</Filter>
    </ClCompile>
    <ClCompile Include="..\_third_part\algorithm\audio\process\plc\gaapi\gaapi.cpp">
      <Filter>lib\gaapi</Filter>
    </ClCompile>
    <ClCompile Include="..\_third_part\algorithm\audio\process\plc\gaapi\gaapi_base.cpp">
      <Filter>lib\gaapi</Filter>
    </ClCompile>
    <ClCompile Include="..\_third_part\algorithm\audio\process\plc\gaapi\gaapi_data.cpp">
      <Filter>lib\gaapi</Filter>
    </ClCompile>
    <ClCompile Include="..\_third_part\algorithm\audio\process\plc\gaapi\gaapi_gaf.cpp">
      <Filter>lib\gaapi</Filter>
    </ClCompile>
    <ClCompile Include="..\_third_part\algorithm\audio\process\plc\lpcplc\c\plc_8000.c">
      <Filter>lib\lpcplc\c</Filter>
    </ClCompile>
    <ClCompile Include="..\_third_part\algorithm\audio\process\plc\lpcplc\c\plc_16000.c">
      <Filter>lib\lpcplc\c</Filter>
    </ClCompile>
    <ClCompile Include="..\_third_part\algorithm\audio\process\plc\lpcplc\c\table.c">
      <Filter>lib\lpcplc\c</Filter>
    </ClCompile>
    <ClCompile Include="..\_third_part\algorithm\audio\process\plc\lpcplc\c\lpc_plc.c">
      <Filter>lib\lpcplc\c</Filter>
    </ClCompile>
    <ClCompile Include="..\_third_part\algorithm\audio\process\plc\lpcplc\c\lpc_plc_api.c">
      <Filter>lib\lpcplc\c</Filter>
    </ClCompile>
  </ItemGroup>
  <ItemGroup>
    <ClInclude Include="PlcTest.h" />
    <ClInclude Include="..\_third_part\MTF\interface\plc\MTF.MusicPlc.h">
      <Filter>mtf</Filter>
    </ClInclude>
    <ClInclude Include="..\_third_part\algorithm\audio\process\plc\api\plc_api_private.h">
      <Filter>lib\api</Filter>
    </ClInclude>
    <ClInclude Include="..\_third_part\algorithm\audio\process\plc\inc\plc_api.h">
      <Filter>lib\inc</Filter>
    </ClInclude>
    <ClInclude Include="..\_third_part\algorithm\audio\process\plc\src\musicplc\music_plc_basic.h">
      <Filter>lib\src\musicplc</Filter>
    </ClInclude>
    <ClInclude Include="..\_third_part\algorithm\audio\process\plc\src\musicplc\music_plc_buffer.h">
      <Filter>lib\src\musicplc</Filter>
    </ClInclude>
    <ClInclude Include="..\_third_part\algorithm\audio\process\plc\src\musicplc\music_plc_data.h">
      <Filter>lib\src\musicplc</Filter>
    </ClInclude>
    <ClInclude Include="..\_third_part\algorithm\audio\process\plc\src\musicplc\music_plc_fill_signal.h">
      <Filter>lib\src\musicplc</Filter>
    </ClInclude>
    <ClInclude Include="..\_third_part\algorithm\audio\process\plc\src\musicplc\music_plc_math.h">
      <Filter>lib\src\musicplc</Filter>
    </ClInclude>
    <ClInclude Include="..\_third_part\algorithm\audio\process\plc\src\musicplc\music_plc_muter.h">
      <Filter>lib\src\musicplc</Filter>
    </ClInclude>
    <ClInclude Include="..\_third_part\algorithm\audio\process\plc\src\musicplc\music_plc_overlapadd.h">
      <Filter>lib\src\musicplc</Filter>
    </ClInclude>
    <ClInclude Include="..\_third_part\algorithm\audio\process\plc\src\musicplc\music_plc_product.h">
      <Filter>lib\src\musicplc</Filter>
    </ClInclude>
    <ClInclude Include="..\_third_part\algorithm\audio\process\plc\src\musicplc\music_plc_waveform_match.h">
      <Filter>lib\src\musicplc</Filter>
    </ClInclude>
    <ClInclude Include="..\_third_part\algorithm\audio\process\plc\src\musicplc\music_plc.h">
      <Filter>lib\src\musicplc</Filter>
    </ClInclude>
    <ClInclude Include="..\_third_part\algorithm\audio\process\plc\src\musicplc\music_plc_buffer_generate.h">
      <Filter>lib\src\musicplc</Filter>
    </ClInclude>
    <ClInclude Include="..\_third_part\algorithm\audio\process\plc\src\musicplc\music_plc_audio_data.h">
      <Filter>lib\src\musicplc</Filter>
    </ClInclude>
    <ClInclude Include="..\_third_part\algorithm\audio\process\plc\src\musicplc\music_plc_audio_samples.h">
      <Filter>lib\src\musicplc</Filter>
    </ClInclude>
    <ClInclude Include="..\_third_part\algorithm\audio\process\plc\src\musicplc\music_plc_base.h">
      <Filter>lib\src\musicplc</Filter>
    </ClInclude>
    <ClInclude Include="..\_third_part\algorithm\audio\process\plc\gaapi\gaapi_memory.h">
      <Filter>lib\gaapi</Filter>
    </ClInclude>
    <ClInclude Include="..\_third_part\algorithm\audio\process\plc\gaapi\gaapi_os.h">
      <Filter>lib\gaapi</Filter>
    </ClInclude>
    <ClInclude Include="..\_third_part\algorithm\audio\process\plc\gaapi\gaapi_static.h">
      <Filter>lib\gaapi</Filter>
    </ClInclude>
    <ClInclude Include="..\_third_part\algorithm\audio\process\plc\gaapi\gaapi.h">
      <Filter>lib\gaapi</Filter>
    </ClInclude>
    <ClInclude Include="..\_third_part\algorithm\audio\process\plc\gaapi\gaapi_base.h">
      <Filter>lib\gaapi</Filter>
    </ClInclude>
    <ClInclude Include="..\_third_part\algorithm\audio\process\plc\gaapi\gaapi_data.h">
      <Filter>lib\gaapi</Filter>
    </ClInclude>
    <ClInclude Include="..\_third_part\algorithm\audio\process\plc\gaapi\gaapi_gaf.h">
      <Filter>lib\gaapi</Filter>
    </ClInclude>
    <ClInclude Include="..\_third_part\algorithm\audio\process\plc\lpcplc\c\DSP.h">
      <Filter>lib\lpcplc\c</Filter>
    </ClInclude>
    <ClInclude Include="..\_third_part\algorithm\audio\process\plc\lpcplc\c\plat_types.h">
      <Filter>lib\lpcplc\c</Filter>
    </ClInclude>
    <ClInclude Include="..\_third_part\algorithm\audio\process\plc\lpcplc\c\plc_8000.h">
      <Filter>lib\lpcplc\c</Filter>
    </ClInclude>
    <ClInclude Include="..\_third_part\algorithm\audio\process\plc\lpcplc\c\plc_16000.h">
      <Filter>lib\lpcplc\c</Filter>
    </ClInclude>
    <ClInclude Include="..\_third_part\algorithm\audio\process\plc\lpcplc\c\lpc_plc_api.h">
      <Filter>lib\lpcplc\c</Filter>
    </ClInclude>
  </ItemGroup>
</Project>